
Microsoft Visual Studio Solution File, Format Version 12.00
# Visual Studio Version 17
VisualStudioVersion = 17.8.34511.84
MinimumVisualStudioVersion = 10.0.40219.1
Project("{FAE04EC0-301F-11D3-BF4B-00C04F79EFBC}") = "ArrayLoopHW", "ArrayLoopHW.csproj", "{68C2E9F3-9D3B-48B5-A5E5-966100A5F130}"
EndProject
Global
	GlobalSection(SolutionConfigurationPlatforms) = preSolution
		Debug|Any CPU = Debug|Any CPU
		Release|Any CPU = Release|Any CPU
	EndGlobalSection
	GlobalSection(ProjectConfigurationPlatforms) = postSolution
		{68C2E9F3-9D3B-48B5-A5E5-966100A5F130}.Debug|Any CPU.ActiveCfg = Debug|Any CPU
		{68C2E9F3-9D3B-48B5-A5E5-966100A5F130}.Debug|Any CPU.Build.0 = Debug|Any CPU
		{68C2E9F3-9D3B-48B5-A5E5-966100A5F130}.Release|Any CPU.ActiveCfg = Release|Any CPU
		{68C2E9F3-9D3B-48B5-A5E5-966100A5F130}.Release|Any CPU.Build.0 = Release|Any CPU
	EndGlobalSection
	GlobalSection(SolutionProperties) = preSolution
		HideSolutionNode = FALSE
	EndGlobalSection
	GlobalSection(ExtensibilityGlobals) = postSolution
		SolutionGuid = {8D9022F3-7910-4D42-9F12-76657B77B594}
	EndGlobalSection
EndGlobal
