
Microsoft Visual Studio Solution File, Format Version 12.00
# Visual Studio Version 17
VisualStudioVersion = 17.8.34511.84
MinimumVisualStudioVersion = 10.0.40219.1
Project("{FAE04EC0-301F-11D3-BF4B-00C04F79EFBC}") = "C#Henadzi_Kirykovich_Orange_Juice_HW4", "C#Henadzi_Kirykovich_Orange_Juice_HW4.csproj", "{4FDC6392-B16D-414F-9DE1-35DE3FD324BE}"
EndProject
Global
	GlobalSection(SolutionConfigurationPlatforms) = preSolution
		Debug|Any CPU = Debug|Any CPU
		Release|Any CPU = Release|Any CPU
	EndGlobalSection
	GlobalSection(ProjectConfigurationPlatforms) = postSolution
		{4FDC6392-B16D-414F-9DE1-35DE3FD324BE}.Debug|Any CPU.ActiveCfg = Debug|Any CPU
		{4FDC6392-B16D-414F-9DE1-35DE3FD324BE}.Debug|Any CPU.Build.0 = Debug|Any CPU
		{4FDC6392-B16D-414F-9DE1-35DE3FD324BE}.Release|Any CPU.ActiveCfg = Release|Any CPU
		{4FDC6392-B16D-414F-9DE1-35DE3FD324BE}.Release|Any CPU.Build.0 = Release|Any CPU
	EndGlobalSection
	GlobalSection(SolutionProperties) = preSolution
		HideSolutionNode = FALSE
	EndGlobalSection
	GlobalSection(ExtensibilityGlobals) = postSolution
		SolutionGuid = {AEDC9760-C40C-4D84-B837-D2DA42EF18C6}
	EndGlobalSection
EndGlobal
