
Microsoft Visual Studio Solution File, Format Version 12.00
# Visual Studio Version 17
VisualStudioVersion = 17.8.34511.84
MinimumVisualStudioVersion = 10.0.40219.1
Project("{FAE04EC0-301F-11D3-BF4B-00C04F79EFBC}") = "C#_HenadziKirykovichHW6", "C#_HenadziKirykovichHW6.csproj", "{4A47BD64-9C32-4752-9C4F-160F563BC0A3}"
EndProject
Global
	GlobalSection(SolutionConfigurationPlatforms) = preSolution
		Debug|Any CPU = Debug|Any CPU
		Release|Any CPU = Release|Any CPU
	EndGlobalSection
	GlobalSection(ProjectConfigurationPlatforms) = postSolution
		{4A47BD64-9C32-4752-9C4F-160F563BC0A3}.Debug|Any CPU.ActiveCfg = Debug|Any CPU
		{4A47BD64-9C32-4752-9C4F-160F563BC0A3}.Debug|Any CPU.Build.0 = Debug|Any CPU
		{4A47BD64-9C32-4752-9C4F-160F563BC0A3}.Release|Any CPU.ActiveCfg = Release|Any CPU
		{4A47BD64-9C32-4752-9C4F-160F563BC0A3}.Release|Any CPU.Build.0 = Release|Any CPU
	EndGlobalSection
	GlobalSection(SolutionProperties) = preSolution
		HideSolutionNode = FALSE
	EndGlobalSection
	GlobalSection(ExtensibilityGlobals) = postSolution
		SolutionGuid = {AD9421DE-3658-4E92-8264-19EB1977DC6A}
	EndGlobalSection
EndGlobal
